
Microsoft Visual Studio Solution File, Format Version 12.00
# Visual Studio Version 17
VisualStudioVersion = 17.0.31919.166
MinimumVisualStudioVersion = 10.0.40219.1
Project("{9A19103F-16F7-4668-BE54-9A1E7A4F7556}") = "FileServer.Hosted", "src\FileServer.Hosted\FileServer.Hosted.csproj", "{B0A6F4DC-44D2-4020-B47B-94B7A9FC11B1}"
EndProject
Project("{9A19103F-16F7-4668-BE54-9A1E7A4F7556}") = "FileServer.FileProvider", "src\FileServer.FileProvider\FileServer.FileProvider.csproj", "{3E3FDBF0-C92E-48F3-9AFF-A501F2FDF698}"
EndProject
Project("{9A19103F-16F7-4668-BE54-9A1E7A4F7556}") = "FileServer.Common", "src\FileServer.Common\FileServer.Common.csproj", "{053A3F71-09FF-4617-8592-CFAF515549B0}"
EndProject
Project("{9A19103F-16F7-4668-BE54-9A1E7A4F7556}") = "FileServer.Aliyun", "src\FileServer.Aliyun\FileServer.Aliyun.csproj", "{25515264-A947-4FD5-9DA7-0A9C7BDB354A}"
EndProject
Project("{9A19103F-16F7-4668-BE54-9A1E7A4F7556}") = "FileServer.FileSystem", "src\FileServer.FileSystem\FileServer.FileSystem.csproj", "{88789E31-1EAF-4448-8A9E-C878D2467E39}"
EndProject
Project("{9A19103F-16F7-4668-BE54-9A1E7A4F7556}") = "FileServer.Minio", "src\FileServer.Minio\FileServer.Minio.csproj", "{8699FF50-BB75-4736-A191-23A4CB325517}"
EndProject
Project("{9A19103F-16F7-4668-BE54-9A1E7A4F7556}") = "FileServer.VirtualFileSystem", "src\FileServer.VirtualFileSystem\FileServer.VirtualFileSystem.csproj", "{B66983CB-80C5-413B-B160-E7D5C2C431AB}"
EndProject
Project("{9A19103F-16F7-4668-BE54-9A1E7A4F7556}") = "FileServer.ImageResize", "src\FileServer.ImageResize\FileServer.ImageResize.csproj", "{1742AFB6-C80A-4CCB-B94D-BF6F93BEF33D}"
EndProject
Project("{FAE04EC0-301F-11D3-BF4B-00C04F79EFBC}") = "Test", "src\Test\Test.csproj", "{F0E67E88-06FB-4124-8177-6B3D3A26BD7F}"
EndProject
Global
	GlobalSection(SolutionConfigurationPlatforms) = preSolution
		Debug|Any CPU = Debug|Any CPU
		Release|Any CPU = Release|Any CPU
	EndGlobalSection
	GlobalSection(ProjectConfigurationPlatforms) = postSolution
		{B0A6F4DC-44D2-4020-B47B-94B7A9FC11B1}.Debug|Any CPU.ActiveCfg = Debug|Any CPU
		{B0A6F4DC-44D2-4020-B47B-94B7A9FC11B1}.Debug|Any CPU.Build.0 = Debug|Any CPU
		{B0A6F4DC-44D2-4020-B47B-94B7A9FC11B1}.Release|Any CPU.ActiveCfg = Release|Any CPU
		{B0A6F4DC-44D2-4020-B47B-94B7A9FC11B1}.Release|Any CPU.Build.0 = Release|Any CPU
		{3E3FDBF0-C92E-48F3-9AFF-A501F2FDF698}.Debug|Any CPU.ActiveCfg = Debug|Any CPU
		{3E3FDBF0-C92E-48F3-9AFF-A501F2FDF698}.Debug|Any CPU.Build.0 = Debug|Any CPU
		{3E3FDBF0-C92E-48F3-9AFF-A501F2FDF698}.Release|Any CPU.ActiveCfg = Release|Any CPU
		{3E3FDBF0-C92E-48F3-9AFF-A501F2FDF698}.Release|Any CPU.Build.0 = Release|Any CPU
		{053A3F71-09FF-4617-8592-CFAF515549B0}.Debug|Any CPU.ActiveCfg = Debug|Any CPU
		{053A3F71-09FF-4617-8592-CFAF515549B0}.Debug|Any CPU.Build.0 = Debug|Any CPU
		{053A3F71-09FF-4617-8592-CFAF515549B0}.Release|Any CPU.ActiveCfg = Release|Any CPU
		{053A3F71-09FF-4617-8592-CFAF515549B0}.Release|Any CPU.Build.0 = Release|Any CPU
		{25515264-A947-4FD5-9DA7-0A9C7BDB354A}.Debug|Any CPU.ActiveCfg = Debug|Any CPU
		{25515264-A947-4FD5-9DA7-0A9C7BDB354A}.Debug|Any CPU.Build.0 = Debug|Any CPU
		{25515264-A947-4FD5-9DA7-0A9C7BDB354A}.Release|Any CPU.ActiveCfg = Release|Any CPU
		{25515264-A947-4FD5-9DA7-0A9C7BDB354A}.Release|Any CPU.Build.0 = Release|Any CPU
		{88789E31-1EAF-4448-8A9E-C878D2467E39}.Debug|Any CPU.ActiveCfg = Debug|Any CPU
		{88789E31-1EAF-4448-8A9E-C878D2467E39}.Debug|Any CPU.Build.0 = Debug|Any CPU
		{88789E31-1EAF-4448-8A9E-C878D2467E39}.Release|Any CPU.ActiveCfg = Release|Any CPU
		{88789E31-1EAF-4448-8A9E-C878D2467E39}.Release|Any CPU.Build.0 = Release|Any CPU
		{8699FF50-BB75-4736-A191-23A4CB325517}.Debug|Any CPU.ActiveCfg = Debug|Any CPU
		{8699FF50-BB75-4736-A191-23A4CB325517}.Debug|Any CPU.Build.0 = Debug|Any CPU
		{8699FF50-BB75-4736-A191-23A4CB325517}.Release|Any CPU.ActiveCfg = Release|Any CPU
		{8699FF50-BB75-4736-A191-23A4CB325517}.Release|Any CPU.Build.0 = Release|Any CPU
		{B66983CB-80C5-413B-B160-E7D5C2C431AB}.Debug|Any CPU.ActiveCfg = Debug|Any CPU
		{B66983CB-80C5-413B-B160-E7D5C2C431AB}.Debug|Any CPU.Build.0 = Debug|Any CPU
		{B66983CB-80C5-413B-B160-E7D5C2C431AB}.Release|Any CPU.ActiveCfg = Release|Any CPU
		{B66983CB-80C5-413B-B160-E7D5C2C431AB}.Release|Any CPU.Build.0 = Release|Any CPU
		{1742AFB6-C80A-4CCB-B94D-BF6F93BEF33D}.Debug|Any CPU.ActiveCfg = Debug|Any CPU
		{1742AFB6-C80A-4CCB-B94D-BF6F93BEF33D}.Debug|Any CPU.Build.0 = Debug|Any CPU
		{1742AFB6-C80A-4CCB-B94D-BF6F93BEF33D}.Release|Any CPU.ActiveCfg = Release|Any CPU
		{1742AFB6-C80A-4CCB-B94D-BF6F93BEF33D}.Release|Any CPU.Build.0 = Release|Any CPU
		{F0E67E88-06FB-4124-8177-6B3D3A26BD7F}.Debug|Any CPU.ActiveCfg = Debug|Any CPU
		{F0E67E88-06FB-4124-8177-6B3D3A26BD7F}.Debug|Any CPU.Build.0 = Debug|Any CPU
		{F0E67E88-06FB-4124-8177-6B3D3A26BD7F}.Release|Any CPU.ActiveCfg = Release|Any CPU
		{F0E67E88-06FB-4124-8177-6B3D3A26BD7F}.Release|Any CPU.Build.0 = Release|Any CPU
	EndGlobalSection
	GlobalSection(SolutionProperties) = preSolution
		HideSolutionNode = FALSE
	EndGlobalSection
	GlobalSection(ExtensibilityGlobals) = postSolution
		SolutionGuid = {DD7AF5AD-B574-42BA-BA84-04AF89B7413D}
	EndGlobalSection
EndGlobal
